
Microsoft Visual Studio Solution File, Format Version 12.00
# Visual Studio 14
VisualStudioVersion = 14.0.25420.1
MinimumVisualStudioVersion = 10.0.40219.1
Project("{FAE04EC0-301F-11D3-BF4B-00C04F79EFBC}") = "ExtractWeb", "ExtractWeb\ExtractWeb.csproj", "{D30DFB11-537D-4EF4-856C-F2A9B13E30FA}"
EndProject
Project("{FAE04EC0-301F-11D3-BF4B-00C04F79EFBC}") = "ExtractValueData", "ExtractValueData\ExtractValueData.csproj", "{487043C9-5340-4A73-AA4E-BF4C0EE4EA48}"
EndProject
Project("{FAE04EC0-301F-11D3-BF4B-00C04F79EFBC}") = "DataStatistics", "DataStatistics\DataStatistics.csproj", "{E7B51438-3D79-4E75-B7FA-9F95D0170F0E}"
EndProject
Global
	GlobalSection(SolutionConfigurationPlatforms) = preSolution
		Debug|Any CPU = Debug|Any CPU
		Release|Any CPU = Release|Any CPU
	EndGlobalSection
	GlobalSection(ProjectConfigurationPlatforms) = postSolution
		{D30DFB11-537D-4EF4-856C-F2A9B13E30FA}.Debug|Any CPU.ActiveCfg = Debug|Any CPU
		{D30DFB11-537D-4EF4-856C-F2A9B13E30FA}.Debug|Any CPU.Build.0 = Debug|Any CPU
		{D30DFB11-537D-4EF4-856C-F2A9B13E30FA}.Release|Any CPU.ActiveCfg = Release|Any CPU
		{D30DFB11-537D-4EF4-856C-F2A9B13E30FA}.Release|Any CPU.Build.0 = Release|Any CPU
		{487043C9-5340-4A73-AA4E-BF4C0EE4EA48}.Debug|Any CPU.ActiveCfg = Debug|Any CPU
		{487043C9-5340-4A73-AA4E-BF4C0EE4EA48}.Debug|Any CPU.Build.0 = Debug|Any CPU
		{487043C9-5340-4A73-AA4E-BF4C0EE4EA48}.Release|Any CPU.ActiveCfg = Release|Any CPU
		{487043C9-5340-4A73-AA4E-BF4C0EE4EA48}.Release|Any CPU.Build.0 = Release|Any CPU
		{E7B51438-3D79-4E75-B7FA-9F95D0170F0E}.Debug|Any CPU.ActiveCfg = Debug|Any CPU
		{E7B51438-3D79-4E75-B7FA-9F95D0170F0E}.Debug|Any CPU.Build.0 = Debug|Any CPU
		{E7B51438-3D79-4E75-B7FA-9F95D0170F0E}.Release|Any CPU.ActiveCfg = Release|Any CPU
		{E7B51438-3D79-4E75-B7FA-9F95D0170F0E}.Release|Any CPU.Build.0 = Release|Any CPU
	EndGlobalSection
	GlobalSection(SolutionProperties) = preSolution
		HideSolutionNode = FALSE
	EndGlobalSection
EndGlobal
